{
  "name": "code",
  "version": "1.0.0",
  "lockfileVersion": 1,
  "requires": true,
  "dependencies": {
    "three": {
      "version": "0.88.0",
      "resolved": "https://registry.npmjs.org/three/-/three-0.88.0.tgz",
      "integrity": "sha1-QlbC/Djk+yOg0j66K2zOTfjkZtU="
    },
    "three.mod": {
      "version": "git+https://github.com/a-jie/threejs-geometry-modifiers.git#688265fbda1c9527a74a6fbd9e1df79de596e0ac"
    }
  }
}
